
Microsoft Visual Studio Solution File, Format Version 12.00
# Visual Studio Version 17
VisualStudioVersion = 17.2.32616.157
MinimumVisualStudioVersion = 10.0.40219.1
Project("{FAE04EC0-301F-11D3-BF4B-00C04F79EFBC}") = "NEA", "NEA.csproj", "{6FDDD1F5-0FB4-407B-9F7C-A627C58AE25C}"
EndProject
Project("{FAE04EC0-301F-11D3-BF4B-00C04F79EFBC}") = "Server.Tests", "Server.Tests\Server.Tests.csproj", "{896807E6-A1F5-4BC8-92E2-E7A26FF58E5E}"
EndProject
Global
	GlobalSection(SolutionConfigurationPlatforms) = preSolution
		Debug|Any CPU = Debug|Any CPU
		Release|Any CPU = Release|Any CPU
	EndGlobalSection
	GlobalSection(ProjectConfigurationPlatforms) = postSolution
		{6FDDD1F5-0FB4-407B-9F7C-A627C58AE25C}.Debug|Any CPU.ActiveCfg = Debug|Any CPU
		{6FDDD1F5-0FB4-407B-9F7C-A627C58AE25C}.Debug|Any CPU.Build.0 = Debug|Any CPU
		{6FDDD1F5-0FB4-407B-9F7C-A627C58AE25C}.Release|Any CPU.ActiveCfg = Release|Any CPU
		{6FDDD1F5-0FB4-407B-9F7C-A627C58AE25C}.Release|Any CPU.Build.0 = Release|Any CPU
		{896807E6-A1F5-4BC8-92E2-E7A26FF58E5E}.Debug|Any CPU.ActiveCfg = Debug|Any CPU
		{896807E6-A1F5-4BC8-92E2-E7A26FF58E5E}.Debug|Any CPU.Build.0 = Debug|Any CPU
		{896807E6-A1F5-4BC8-92E2-E7A26FF58E5E}.Release|Any CPU.ActiveCfg = Release|Any CPU
		{896807E6-A1F5-4BC8-92E2-E7A26FF58E5E}.Release|Any CPU.Build.0 = Release|Any CPU
	EndGlobalSection
	GlobalSection(SolutionProperties) = preSolution
		HideSolutionNode = FALSE
	EndGlobalSection
	GlobalSection(ExtensibilityGlobals) = postSolution
		SolutionGuid = {29BC09E6-B6E0-4F8E-A291-07C794E4719C}
	EndGlobalSection
EndGlobal
